
Microsoft Visual Studio Solution File, Format Version 12.00
# Visual Studio Version 17
VisualStudioVersion = 17.7.34202.233
MinimumVisualStudioVersion = 10.0.40219.1
Project("{FAE04EC0-301F-11D3-BF4B-00C04F79EFBC}") = "assignment2(3)", "assignment2(3)\assignment2(3).csproj", "{C836E774-56F1-4369-856E-389F3791DA05}"
EndProject
Global
	GlobalSection(SolutionConfigurationPlatforms) = preSolution
		Debug|Any CPU = Debug|Any CPU
		Release|Any CPU = Release|Any CPU
	EndGlobalSection
	GlobalSection(ProjectConfigurationPlatforms) = postSolution
		{C836E774-56F1-4369-856E-389F3791DA05}.Debug|Any CPU.ActiveCfg = Debug|Any CPU
		{C836E774-56F1-4369-856E-389F3791DA05}.Debug|Any CPU.Build.0 = Debug|Any CPU
		{C836E774-56F1-4369-856E-389F3791DA05}.Release|Any CPU.ActiveCfg = Release|Any CPU
		{C836E774-56F1-4369-856E-389F3791DA05}.Release|Any CPU.Build.0 = Release|Any CPU
	EndGlobalSection
	GlobalSection(SolutionProperties) = preSolution
		HideSolutionNode = FALSE
	EndGlobalSection
	GlobalSection(ExtensibilityGlobals) = postSolution
		SolutionGuid = {C2CC6D5E-A849-43F1-B64A-6CB3C087DCD8}
	EndGlobalSection
EndGlobal
